
Microsoft Visual Studio Solution File, Format Version 12.00
# Visual Studio Version 17
VisualStudioVersion = 17.7.34031.279
MinimumVisualStudioVersion = 10.0.40219.1
Project("{FAE04EC0-301F-11D3-BF4B-00C04F79EFBC}") = "server", "server\server.csproj", "{EB33C211-5D17-4574-AFA6-4593C69D1D26}"
EndProject
Global
	GlobalSection(SolutionConfigurationPlatforms) = preSolution
		Debug|Any CPU = Debug|Any CPU
		Release|Any CPU = Release|Any CPU
	EndGlobalSection
	GlobalSection(ProjectConfigurationPlatforms) = postSolution
		{EB33C211-5D17-4574-AFA6-4593C69D1D26}.Debug|Any CPU.ActiveCfg = Debug|Any CPU
		{EB33C211-5D17-4574-AFA6-4593C69D1D26}.Debug|Any CPU.Build.0 = Debug|Any CPU
		{EB33C211-5D17-4574-AFA6-4593C69D1D26}.Release|Any CPU.ActiveCfg = Release|Any CPU
		{EB33C211-5D17-4574-AFA6-4593C69D1D26}.Release|Any CPU.Build.0 = Release|Any CPU
	EndGlobalSection
	GlobalSection(SolutionProperties) = preSolution
		HideSolutionNode = FALSE
	EndGlobalSection
	GlobalSection(ExtensibilityGlobals) = postSolution
		SolutionGuid = {B83E2716-C77A-41F3-ABAA-4DE6604CA42E}
	EndGlobalSection
EndGlobal
